
Microsoft Visual Studio Solution File, Format Version 12.00
# Visual Studio Version 17
VisualStudioVersion = 17.10.35027.167
MinimumVisualStudioVersion = 10.0.40219.1
Project("{9A19103F-16F7-4668-BE54-9A1E7A4F7556}") = "Unisystems.BuildingAccount.DataContext", "Unisystems.BuildingAccount.DataContext\Unisystems.BuildingAccount.DataContext.csproj", "{D8055103-4FFD-4B90-8A5E-4F296802A31D}"
EndProject
Project("{9A19103F-16F7-4668-BE54-9A1E7A4F7556}") = "Unisystems.BuildingAccount.WebApi", "Unisystems.BuildingAccount.WebApi\Unisystems.BuildingAccount.WebApi.csproj", "{D04A6FED-B7B9-445A-BB7D-20756A8F74EA}"
EndProject
Project("{9A19103F-16F7-4668-BE54-9A1E7A4F7556}") = "Unisystems.ClassroomAccount.DataContext", "Unisystems.ClassroomAccount.DataContext\Unisystems.ClassroomAccount.DataContext.csproj", "{F5467BEA-076D-4555-B45B-B73D5FF62B3F}"
EndProject
Project("{9A19103F-16F7-4668-BE54-9A1E7A4F7556}") = "Unisystems.ClassroomAccount.WebApi", "Unisystems.ClassroomAccount.WebApi\Unisystems.ClassroomAccount.WebApi.csproj", "{0B9EAC95-3BCF-4FD1-9A2A-9DC0D78EDFFC}"
EndProject
Project("{9A19103F-16F7-4668-BE54-9A1E7A4F7556}") = "Unisystems.BuildingMessageContracts", "Unisystems.BuildingMessageContracts\Unisystems.BuildingMessageContracts.csproj", "{16738AA0-D285-41CF-A80C-A11A5E7DAD8B}"
EndProject
Project("{FAE04EC0-301F-11D3-BF4B-00C04F79EFBC}") = "Unisystems.AngularWebApp.Server", "Unisystems.AngularWebApp\Unisystems.AngularWebApp.Server\Unisystems.AngularWebApp.Server.csproj", "{B660696C-57A2-4985-AEF7-5066FA583ADE}"
EndProject
Project("{54A90642-561A-4BB1-A94E-469ADEE60C69}") = "unisystems.angularwebapp.client", "Unisystems.AngularWebApp\unisystems.angularwebapp.client\unisystems.angularwebapp.client.esproj", "{505E3987-F6DC-4F64-9996-8D53B0285C93}"
EndProject
Project("{54A90642-561A-4BB1-A94E-469ADEE60C69}") = "Unisystems.AngularWebApp", "Unisystems.AngularWebApp\Unisystems.AngularWebApp.esproj", "{33CAC75C-7BCD-4566-90D9-C531CC8BC943}"
EndProject
Global
	GlobalSection(SolutionConfigurationPlatforms) = preSolution
		Debug|Any CPU = Debug|Any CPU
		Release|Any CPU = Release|Any CPU
	EndGlobalSection
	GlobalSection(ProjectConfigurationPlatforms) = postSolution
		{D8055103-4FFD-4B90-8A5E-4F296802A31D}.Debug|Any CPU.ActiveCfg = Debug|Any CPU
		{D8055103-4FFD-4B90-8A5E-4F296802A31D}.Debug|Any CPU.Build.0 = Debug|Any CPU
		{D8055103-4FFD-4B90-8A5E-4F296802A31D}.Release|Any CPU.ActiveCfg = Release|Any CPU
		{D8055103-4FFD-4B90-8A5E-4F296802A31D}.Release|Any CPU.Build.0 = Release|Any CPU
		{D04A6FED-B7B9-445A-BB7D-20756A8F74EA}.Debug|Any CPU.ActiveCfg = Debug|Any CPU
		{D04A6FED-B7B9-445A-BB7D-20756A8F74EA}.Debug|Any CPU.Build.0 = Debug|Any CPU
		{D04A6FED-B7B9-445A-BB7D-20756A8F74EA}.Release|Any CPU.ActiveCfg = Release|Any CPU
		{D04A6FED-B7B9-445A-BB7D-20756A8F74EA}.Release|Any CPU.Build.0 = Release|Any CPU
		{F5467BEA-076D-4555-B45B-B73D5FF62B3F}.Debug|Any CPU.ActiveCfg = Debug|Any CPU
		{F5467BEA-076D-4555-B45B-B73D5FF62B3F}.Debug|Any CPU.Build.0 = Debug|Any CPU
		{F5467BEA-076D-4555-B45B-B73D5FF62B3F}.Release|Any CPU.ActiveCfg = Release|Any CPU
		{F5467BEA-076D-4555-B45B-B73D5FF62B3F}.Release|Any CPU.Build.0 = Release|Any CPU
		{0B9EAC95-3BCF-4FD1-9A2A-9DC0D78EDFFC}.Debug|Any CPU.ActiveCfg = Debug|Any CPU
		{0B9EAC95-3BCF-4FD1-9A2A-9DC0D78EDFFC}.Debug|Any CPU.Build.0 = Debug|Any CPU
		{0B9EAC95-3BCF-4FD1-9A2A-9DC0D78EDFFC}.Release|Any CPU.ActiveCfg = Release|Any CPU
		{0B9EAC95-3BCF-4FD1-9A2A-9DC0D78EDFFC}.Release|Any CPU.Build.0 = Release|Any CPU
		{16738AA0-D285-41CF-A80C-A11A5E7DAD8B}.Debug|Any CPU.ActiveCfg = Debug|Any CPU
		{16738AA0-D285-41CF-A80C-A11A5E7DAD8B}.Debug|Any CPU.Build.0 = Debug|Any CPU
		{16738AA0-D285-41CF-A80C-A11A5E7DAD8B}.Release|Any CPU.ActiveCfg = Release|Any CPU
		{16738AA0-D285-41CF-A80C-A11A5E7DAD8B}.Release|Any CPU.Build.0 = Release|Any CPU
		{B660696C-57A2-4985-AEF7-5066FA583ADE}.Debug|Any CPU.ActiveCfg = Debug|Any CPU
		{B660696C-57A2-4985-AEF7-5066FA583ADE}.Debug|Any CPU.Build.0 = Debug|Any CPU
		{B660696C-57A2-4985-AEF7-5066FA583ADE}.Release|Any CPU.ActiveCfg = Release|Any CPU
		{B660696C-57A2-4985-AEF7-5066FA583ADE}.Release|Any CPU.Build.0 = Release|Any CPU
		{505E3987-F6DC-4F64-9996-8D53B0285C93}.Debug|Any CPU.ActiveCfg = Debug|Any CPU
		{505E3987-F6DC-4F64-9996-8D53B0285C93}.Debug|Any CPU.Build.0 = Debug|Any CPU
		{505E3987-F6DC-4F64-9996-8D53B0285C93}.Debug|Any CPU.Deploy.0 = Debug|Any CPU
		{505E3987-F6DC-4F64-9996-8D53B0285C93}.Release|Any CPU.ActiveCfg = Release|Any CPU
		{505E3987-F6DC-4F64-9996-8D53B0285C93}.Release|Any CPU.Build.0 = Release|Any CPU
		{505E3987-F6DC-4F64-9996-8D53B0285C93}.Release|Any CPU.Deploy.0 = Release|Any CPU
		{33CAC75C-7BCD-4566-90D9-C531CC8BC943}.Debug|Any CPU.ActiveCfg = Debug|Any CPU
		{33CAC75C-7BCD-4566-90D9-C531CC8BC943}.Debug|Any CPU.Build.0 = Debug|Any CPU
		{33CAC75C-7BCD-4566-90D9-C531CC8BC943}.Debug|Any CPU.Deploy.0 = Debug|Any CPU
		{33CAC75C-7BCD-4566-90D9-C531CC8BC943}.Release|Any CPU.ActiveCfg = Release|Any CPU
		{33CAC75C-7BCD-4566-90D9-C531CC8BC943}.Release|Any CPU.Build.0 = Release|Any CPU
		{33CAC75C-7BCD-4566-90D9-C531CC8BC943}.Release|Any CPU.Deploy.0 = Release|Any CPU
	EndGlobalSection
	GlobalSection(SolutionProperties) = preSolution
		HideSolutionNode = FALSE
	EndGlobalSection
	GlobalSection(ExtensibilityGlobals) = postSolution
		SolutionGuid = {CFA5C512-DD1A-4539-BC73-6E98A6BE3F9E}
	EndGlobalSection
EndGlobal
