
Microsoft Visual Studio Solution File, Format Version 12.00
# Visual Studio Version 17
VisualStudioVersion = 17.10.35027.167
MinimumVisualStudioVersion = 10.0.40219.1
Project("{9A19103F-16F7-4668-BE54-9A1E7A4F7556}") = "Unisystem.BuildingAccount.WebApi", "Unisystem.BuildingAccount.WebApi\Unisystem.BuildingAccount.WebApi.csproj", "{ACB28DA9-F3A6-498D-8241-D9E50D8EF333}"
EndProject
Project("{9A19103F-16F7-4668-BE54-9A1E7A4F7556}") = "Unisystem.BuildingAccount.DataContext", "Unisystem.BuildingAccount.DataContext\Unisystem.BuildingAccount.DataContext.csproj", "{7F921C1B-13FF-413B-BFCB-2E6B9255FCDA}"
EndProject
Project("{9A19103F-16F7-4668-BE54-9A1E7A4F7556}") = "Unisystem.ClassroomAccount.WebApi", "Unisystem.ClassroomAccount.WebApi\Unisystem.ClassroomAccount.WebApi.csproj", "{3C662D94-16BF-4117-AF33-D22B819EBB94}"
EndProject
Project("{9A19103F-16F7-4668-BE54-9A1E7A4F7556}") = "Unisystem.ClassroomAccount.DataContext", "Unisystem.ClassroomAccount.DataContext\Unisystem.ClassroomAccount.DataContext.csproj", "{53F88E71-5C00-43A0-9DE8-4C14C190A72F}"
EndProject
Project("{FAE04EC0-301F-11D3-BF4B-00C04F79EFBC}") = "Unisystems.RabbitMQ", "Unisystems.RabbitMQ\Unisystems.RabbitMQ.csproj", "{FE486B5D-17A4-4F95-9D47-2B7B015E955C}"
EndProject
Global
	GlobalSection(SolutionConfigurationPlatforms) = preSolution
		Debug|Any CPU = Debug|Any CPU
		Release|Any CPU = Release|Any CPU
	EndGlobalSection
	GlobalSection(ProjectConfigurationPlatforms) = postSolution
		{ACB28DA9-F3A6-498D-8241-D9E50D8EF333}.Debug|Any CPU.ActiveCfg = Debug|Any CPU
		{ACB28DA9-F3A6-498D-8241-D9E50D8EF333}.Debug|Any CPU.Build.0 = Debug|Any CPU
		{ACB28DA9-F3A6-498D-8241-D9E50D8EF333}.Release|Any CPU.ActiveCfg = Release|Any CPU
		{ACB28DA9-F3A6-498D-8241-D9E50D8EF333}.Release|Any CPU.Build.0 = Release|Any CPU
		{7F921C1B-13FF-413B-BFCB-2E6B9255FCDA}.Debug|Any CPU.ActiveCfg = Debug|Any CPU
		{7F921C1B-13FF-413B-BFCB-2E6B9255FCDA}.Debug|Any CPU.Build.0 = Debug|Any CPU
		{7F921C1B-13FF-413B-BFCB-2E6B9255FCDA}.Release|Any CPU.ActiveCfg = Release|Any CPU
		{7F921C1B-13FF-413B-BFCB-2E6B9255FCDA}.Release|Any CPU.Build.0 = Release|Any CPU
		{3C662D94-16BF-4117-AF33-D22B819EBB94}.Debug|Any CPU.ActiveCfg = Debug|Any CPU
		{3C662D94-16BF-4117-AF33-D22B819EBB94}.Debug|Any CPU.Build.0 = Debug|Any CPU
		{3C662D94-16BF-4117-AF33-D22B819EBB94}.Release|Any CPU.ActiveCfg = Release|Any CPU
		{3C662D94-16BF-4117-AF33-D22B819EBB94}.Release|Any CPU.Build.0 = Release|Any CPU
		{53F88E71-5C00-43A0-9DE8-4C14C190A72F}.Debug|Any CPU.ActiveCfg = Debug|Any CPU
		{53F88E71-5C00-43A0-9DE8-4C14C190A72F}.Debug|Any CPU.Build.0 = Debug|Any CPU
		{53F88E71-5C00-43A0-9DE8-4C14C190A72F}.Release|Any CPU.ActiveCfg = Release|Any CPU
		{53F88E71-5C00-43A0-9DE8-4C14C190A72F}.Release|Any CPU.Build.0 = Release|Any CPU
		{FE486B5D-17A4-4F95-9D47-2B7B015E955C}.Debug|Any CPU.ActiveCfg = Debug|Any CPU
		{FE486B5D-17A4-4F95-9D47-2B7B015E955C}.Debug|Any CPU.Build.0 = Debug|Any CPU
		{FE486B5D-17A4-4F95-9D47-2B7B015E955C}.Release|Any CPU.ActiveCfg = Release|Any CPU
		{FE486B5D-17A4-4F95-9D47-2B7B015E955C}.Release|Any CPU.Build.0 = Release|Any CPU
	EndGlobalSection
	GlobalSection(SolutionProperties) = preSolution
		HideSolutionNode = FALSE
	EndGlobalSection
	GlobalSection(ExtensibilityGlobals) = postSolution
		SolutionGuid = {CFA5C512-DD1A-4539-BC73-6E98A6BE3F9E}
	EndGlobalSection
EndGlobal
